
Microsoft Visual Studio Solution File, Format Version 12.00
# Visual Studio 15
VisualStudioVersion = 15.0.28010.2026
MinimumVisualStudioVersion = 10.0.40219.1
Project("{FAE04EC0-301F-11D3-BF4B-00C04F79EFBC}") = "ImgToPdf", "ImgToPdf\ImgToPdf.csproj", "{5BFCBCA4-CD8E-47BC-A267-251A995416C6}"
EndProject
Project("{FAE04EC0-301F-11D3-BF4B-00C04F79EFBC}") = "ImgToPdfConsole", "ImgToPdfConsole\ImgToPdfConsole.csproj", "{AA786D8A-1AFC-4A5F-B04C-6A646294A418}"
EndProject
Global
	GlobalSection(SolutionConfigurationPlatforms) = preSolution
		Debug|Any CPU = Debug|Any CPU
		Release|Any CPU = Release|Any CPU
	EndGlobalSection
	GlobalSection(ProjectConfigurationPlatforms) = postSolution
		{5BFCBCA4-CD8E-47BC-A267-251A995416C6}.Debug|Any CPU.ActiveCfg = Debug|Any CPU
		{5BFCBCA4-CD8E-47BC-A267-251A995416C6}.Debug|Any CPU.Build.0 = Debug|Any CPU
		{5BFCBCA4-CD8E-47BC-A267-251A995416C6}.Release|Any CPU.ActiveCfg = Release|Any CPU
		{5BFCBCA4-CD8E-47BC-A267-251A995416C6}.Release|Any CPU.Build.0 = Release|Any CPU
		{AA786D8A-1AFC-4A5F-B04C-6A646294A418}.Debug|Any CPU.ActiveCfg = Debug|Any CPU
		{AA786D8A-1AFC-4A5F-B04C-6A646294A418}.Debug|Any CPU.Build.0 = Debug|Any CPU
		{AA786D8A-1AFC-4A5F-B04C-6A646294A418}.Release|Any CPU.ActiveCfg = Release|Any CPU
		{AA786D8A-1AFC-4A5F-B04C-6A646294A418}.Release|Any CPU.Build.0 = Release|Any CPU
	EndGlobalSection
	GlobalSection(SolutionProperties) = preSolution
		HideSolutionNode = FALSE
	EndGlobalSection
	GlobalSection(ExtensibilityGlobals) = postSolution
		SolutionGuid = {2D991C05-45A3-4358-BB71-ABF518873FEC}
	EndGlobalSection
EndGlobal
